
Microsoft Visual Studio Solution File, Format Version 12.00
# Visual Studio Version 17
VisualStudioVersion = 17.8.34511.84
MinimumVisualStudioVersion = 10.0.40219.1
Project("{FAE04EC0-301F-11D3-BF4B-00C04F79EFBC}") = "TheDevops", "TheDevops\TheDevops.csproj", "{E13EC716-51CC-4FA6-B667-EB99ABEA9C28}"
EndProject
Project("{E53339B2-1760-4266-BCC7-CA923CBCF16C}") = "docker-compose", "docker-compose.dcproj", "{EA20FC58-172F-44A9-AD72-5A8003F5DCE4}"
EndProject
Global
	GlobalSection(SolutionConfigurationPlatforms) = preSolution
		Debug|Any CPU = Debug|Any CPU
		Release|Any CPU = Release|Any CPU
	EndGlobalSection
	GlobalSection(ProjectConfigurationPlatforms) = postSolution
		{E13EC716-51CC-4FA6-B667-EB99ABEA9C28}.Debug|Any CPU.ActiveCfg = Debug|Any CPU
		{E13EC716-51CC-4FA6-B667-EB99ABEA9C28}.Debug|Any CPU.Build.0 = Debug|Any CPU
		{E13EC716-51CC-4FA6-B667-EB99ABEA9C28}.Release|Any CPU.ActiveCfg = Release|Any CPU
		{E13EC716-51CC-4FA6-B667-EB99ABEA9C28}.Release|Any CPU.Build.0 = Release|Any CPU
		{EA20FC58-172F-44A9-AD72-5A8003F5DCE4}.Debug|Any CPU.ActiveCfg = Debug|Any CPU
		{EA20FC58-172F-44A9-AD72-5A8003F5DCE4}.Debug|Any CPU.Build.0 = Debug|Any CPU
		{EA20FC58-172F-44A9-AD72-5A8003F5DCE4}.Release|Any CPU.ActiveCfg = Release|Any CPU
		{EA20FC58-172F-44A9-AD72-5A8003F5DCE4}.Release|Any CPU.Build.0 = Release|Any CPU
	EndGlobalSection
	GlobalSection(SolutionProperties) = preSolution
		HideSolutionNode = FALSE
	EndGlobalSection
	GlobalSection(ExtensibilityGlobals) = postSolution
		SolutionGuid = {5D1A90FB-1123-4CBA-A24A-F5183E3EE090}
	EndGlobalSection
EndGlobal
